// !$*UTF8*$!
{
	archiveVersion = 1;
	classes = {
	};
	objectVersion = 77;
	objects = {

/* Begin PBXBuildFile section */
		FA0367B62E0A3EEC0082D628 /* FakeViewListView.swift in Sources */ = {isa = PBXBuildFile; fileRef = FA0367B52E0A3ED00082D628 /* FakeViewListView.swift */; };
		FA0367B82E0A3F500082D628 /* FakeViewListViewModel.swift in Sources */ = {isa = PBXBuildFile; fileRef = FA0367B72E0A3F4C0082D628 /* FakeViewListViewModel.swift */; };
		FA0367BA2E0A3FD20082D628 /* characters.json in Resources */ = {isa = PBXBuildFile; fileRef = FA0367B92E0A3FD20082D628 /* characters.json */; };
		FA0367CB2E0A4E340082D628 /* Character.swift in Sources */ = {isa = PBXBuildFile; fileRef = FA0367CA2E0A4E330082D628 /* Character.swift */; };
		FA0367CD2E0A4E520082D628 /* RemoteConfigManager.swift in Sources */ = {isa = PBXBuildFile; fileRef = FA0367CC2E0A4E510082D628 /* RemoteConfigManager.swift */; };
		FA0367CF2E0A4E5A0082D628 /* NetworkService.swift in Sources */ = {isa = PBXBuildFile; fileRef = FA0367CE2E0A4E590082D628 /* NetworkService.swift */; };
		FA0367D12E0A4E760082D628 /* NetworkError.swift in Sources */ = {isa = PBXBuildFile; fileRef = FA0367D02E0A4E740082D628 /* NetworkError.swift */; };
		FA0367D32E0A542E0082D628 /* HorizontalCategoryList.swift in Sources */ = {isa = PBXBuildFile; fileRef = FA0367D22E0A542A0082D628 /* HorizontalCategoryList.swift */; };
		FA0367D52E0A63900082D628 /* GridCategoryList.swift in Sources */ = {isa = PBXBuildFile; fileRef = FA0367D42E0A63850082D628 /* GridCategoryList.swift */; };
		FA077E4D2E02CEFF005534FB /* DotLottie in Frameworks */ = {isa = PBXBuildFile; productRef = FA077E4C2E02CEFF005534FB /* DotLottie */; };
		FA3CBE7D2E0909B70095BD5F /* IntroScreensView.swift in Sources */ = {isa = PBXBuildFile; fileRef = FA3CBE7C2E0909A30095BD5F /* IntroScreensView.swift */; };
		FA3CBE7F2E090DF50095BD5F /* AdPlaceholderView.swift in Sources */ = {isa = PBXBuildFile; fileRef = FA3CBE7E2E090DF30095BD5F /* AdPlaceholderView.swift */; };
		FA3CBEB22E0917D40095BD5F /* IntroScreensViewModel.swift in Sources */ = {isa = PBXBuildFile; fileRef = FA3CBEB12E0917D00095BD5F /* IntroScreensViewModel.swift */; };
		FA3CBEB42E09192D0095BD5F /* DotIndicatorView.swift in Sources */ = {isa = PBXBuildFile; fileRef = FA3CBEB32E09192C0095BD5F /* DotIndicatorView.swift */; };
		FA3CBEB62E095F040095BD5F /* HomeView.swift in Sources */ = {isa = PBXBuildFile; fileRef = FA3CBEB52E095F000095BD5F /* HomeView.swift */; };
		FA3CE8702E02B3A800D69023 /* Assets.xcassets in Resources */ = {isa = PBXBuildFile; fileRef = FA3CE86C2E02B3A800D69023 /* Assets.xcassets */; };
		FA3CE8722E02B3A800D69023 /* PrisonApp.swift in Sources */ = {isa = PBXBuildFile; fileRef = FA3CE86E2E02B3A800D69023 /* PrisonApp.swift */; };
		FA3CE8802E02B75700D69023 /* SDWebImageSwiftUI in Frameworks */ = {isa = PBXBuildFile; productRef = FA3CE87F2E02B75700D69023 /* SDWebImageSwiftUI */; };
		FA3CE88D2E02BCF600D69023 /* FirebaseAnalytics in Frameworks */ = {isa = PBXBuildFile; productRef = FA3CE88C2E02BCF600D69023 /* FirebaseAnalytics */; };
		FA3CE88F2E02BCF600D69023 /* FirebaseCrashlytics in Frameworks */ = {isa = PBXBuildFile; productRef = FA3CE88E2E02BCF600D69023 /* FirebaseCrashlytics */; };
		FA3CE8912E02BCF600D69023 /* FirebaseRemoteConfig in Frameworks */ = {isa = PBXBuildFile; productRef = FA3CE8902E02BCF600D69023 /* FirebaseRemoteConfig */; };
		FA4D3FE52E02BF6F00C01396 /* Alamofire in Frameworks */ = {isa = PBXBuildFile; productRef = FA4D3FE42E02BF6F00C01396 /* Alamofire */; };
		FA4D3FEB2E02BF8600C01396 /* Swinject in Frameworks */ = {isa = PBXBuildFile; productRef = FA4D3FEA2E02BF8600C01396 /* Swinject */; };
		FA4D3FEE2E02C12F00C01396 /* AdjustSdk in Frameworks */ = {isa = PBXBuildFile; productRef = FA4D3FED2E02C12F00C01396 /* AdjustSdk */; };
		FA4D3FFB2E02C21800C01396 /* Kingfisher in Frameworks */ = {isa = PBXBuildFile; productRef = FA4D3FFA2E02C21800C01396 /* Kingfisher */; };
		FA4D40072E02CBDC00C01396 /* loading.lottie in Resources */ = {isa = PBXBuildFile; fileRef = FA4D40062E02CBDC00C01396 /* loading.lottie */; };
		FA4D40102E02CC8900C01396 /* SplashView.swift in Sources */ = {isa = PBXBuildFile; fileRef = FA4D400C2E02CC8900C01396 /* SplashView.swift */; };
		FA7D67FD2E03FED60044A341 /* AppState.swift in Sources */ = {isa = PBXBuildFile; fileRef = FA7D67FC2E03FECF0044A341 /* AppState.swift */; };
		FA7D67FF2E03FF7F0044A341 /* RootView.swift in Sources */ = {isa = PBXBuildFile; fileRef = FA7D67FE2E03FF7B0044A341 /* RootView.swift */; };
		FA7D68012E04001A0044A341 /* OnboardingFlowView.swift in Sources */ = {isa = PBXBuildFile; fileRef = FA7D68002E0400100044A341 /* OnboardingFlowView.swift */; };
		FA7D68032E0406050044A341 /* LanguageSelectionView.swift in Sources */ = {isa = PBXBuildFile; fileRef = FA7D68022E0405FD0044A341 /* LanguageSelectionView.swift */; };
		FA7D68052E0411E10044A341 /* exts.color.swift in Sources */ = {isa = PBXBuildFile; fileRef = FA7D68042E0411D70044A341 /* exts.color.swift */; };
		FAB47D2D2E08EF100010D2F1 /* LanguageSelectionViewModel.swift in Sources */ = {isa = PBXBuildFile; fileRef = FAB47D2C2E08EF0E0010D2F1 /* LanguageSelectionViewModel.swift */; };
/* End PBXBuildFile section */

/* Begin PBXContainerItemProxy section */
		FA3CE84C2E02B34E00D69023 /* PBXContainerItemProxy */ = {
			isa = PBXContainerItemProxy;
			containerPortal = FA3CE8362E02B34D00D69023 /* Project object */;
			proxyType = 1;
			remoteGlobalIDString = FA3CE83D2E02B34D00D69023;
			remoteInfo = Prison;
		};
		FA3CE8562E02B34E00D69023 /* PBXContainerItemProxy */ = {
			isa = PBXContainerItemProxy;
			containerPortal = FA3CE8362E02B34D00D69023 /* Project object */;
			proxyType = 1;
			remoteGlobalIDString = FA3CE83D2E02B34D00D69023;
			remoteInfo = Prison;
		};
/* End PBXContainerItemProxy section */

/* Begin PBXFileReference section */
		FA0367B52E0A3ED00082D628 /* FakeViewListView.swift */ = {isa = PBXFileReference; lastKnownFileType = sourcecode.swift; path = FakeViewListView.swift; sourceTree = "<group>"; };
		FA0367B72E0A3F4C0082D628 /* FakeViewListViewModel.swift */ = {isa = PBXFileReference; lastKnownFileType = sourcecode.swift; path = FakeViewListViewModel.swift; sourceTree = "<group>"; };
		FA0367B92E0A3FD20082D628 /* characters.json */ = {isa = PBXFileReference; lastKnownFileType = text.json; path = characters.json; sourceTree = "<group>"; };
		FA0367CA2E0A4E330082D628 /* Character.swift */ = {isa = PBXFileReference; lastKnownFileType = sourcecode.swift; path = Character.swift; sourceTree = "<group>"; };
		FA0367CC2E0A4E510082D628 /* RemoteConfigManager.swift */ = {isa = PBXFileReference; lastKnownFileType = sourcecode.swift; path = RemoteConfigManager.swift; sourceTree = "<group>"; };
		FA0367CE2E0A4E590082D628 /* NetworkService.swift */ = {isa = PBXFileReference; lastKnownFileType = sourcecode.swift; path = NetworkService.swift; sourceTree = "<group>"; };
		FA0367D02E0A4E740082D628 /* NetworkError.swift */ = {isa = PBXFileReference; lastKnownFileType = sourcecode.swift; path = NetworkError.swift; sourceTree = "<group>"; };
		FA0367D22E0A542A0082D628 /* HorizontalCategoryList.swift */ = {isa = PBXFileReference; lastKnownFileType = sourcecode.swift; path = HorizontalCategoryList.swift; sourceTree = "<group>"; };
		FA0367D42E0A63850082D628 /* GridCategoryList.swift */ = {isa = PBXFileReference; lastKnownFileType = sourcecode.swift; path = GridCategoryList.swift; sourceTree = "<group>"; };
		FA3CBE7C2E0909A30095BD5F /* IntroScreensView.swift */ = {isa = PBXFileReference; lastKnownFileType = sourcecode.swift; path = IntroScreensView.swift; sourceTree = "<group>"; };
		FA3CBE7E2E090DF30095BD5F /* AdPlaceholderView.swift */ = {isa = PBXFileReference; lastKnownFileType = sourcecode.swift; path = AdPlaceholderView.swift; sourceTree = "<group>"; };
		FA3CBEB12E0917D00095BD5F /* IntroScreensViewModel.swift */ = {isa = PBXFileReference; lastKnownFileType = sourcecode.swift; path = IntroScreensViewModel.swift; sourceTree = "<group>"; };
		FA3CBEB32E09192C0095BD5F /* DotIndicatorView.swift */ = {isa = PBXFileReference; lastKnownFileType = sourcecode.swift; path = DotIndicatorView.swift; sourceTree = "<group>"; };
		FA3CBEB52E095F000095BD5F /* HomeView.swift */ = {isa = PBXFileReference; lastKnownFileType = sourcecode.swift; path = HomeView.swift; sourceTree = "<group>"; };
		FA3CE83E2E02B34D00D69023 /* Prison.app */ = {isa = PBXFileReference; explicitFileType = wrapper.application; includeInIndex = 0; path = Prison.app; sourceTree = BUILT_PRODUCTS_DIR; };
		FA3CE84B2E02B34E00D69023 /* PrisonTests.xctest */ = {isa = PBXFileReference; explicitFileType = wrapper.cfbundle; includeInIndex = 0; path = PrisonTests.xctest; sourceTree = BUILT_PRODUCTS_DIR; };
		FA3CE8552E02B34E00D69023 /* PrisonUITests.xctest */ = {isa = PBXFileReference; explicitFileType = wrapper.cfbundle; includeInIndex = 0; path = PrisonUITests.xctest; sourceTree = BUILT_PRODUCTS_DIR; };
		FA3CE86C2E02B3A800D69023 /* Assets.xcassets */ = {isa = PBXFileReference; lastKnownFileType = folder.assetcatalog; path = Assets.xcassets; sourceTree = "<group>"; };
		FA3CE86E2E02B3A800D69023 /* PrisonApp.swift */ = {isa = PBXFileReference; lastKnownFileType = sourcecode.swift; path = PrisonApp.swift; sourceTree = "<group>"; };
		FA4D40062E02CBDC00C01396 /* loading.lottie */ = {isa = PBXFileReference; lastKnownFileType = file; path = loading.lottie; sourceTree = "<group>"; };
		FA4D400C2E02CC8900C01396 /* SplashView.swift */ = {isa = PBXFileReference; lastKnownFileType = sourcecode.swift; path = SplashView.swift; sourceTree = "<group>"; };
		FA7D67FC2E03FECF0044A341 /* AppState.swift */ = {isa = PBXFileReference; lastKnownFileType = sourcecode.swift; path = AppState.swift; sourceTree = "<group>"; };
		FA7D67FE2E03FF7B0044A341 /* RootView.swift */ = {isa = PBXFileReference; lastKnownFileType = sourcecode.swift; path = RootView.swift; sourceTree = "<group>"; };
		FA7D68002E0400100044A341 /* OnboardingFlowView.swift */ = {isa = PBXFileReference; lastKnownFileType = sourcecode.swift; path = OnboardingFlowView.swift; sourceTree = "<group>"; };
		FA7D68022E0405FD0044A341 /* LanguageSelectionView.swift */ = {isa = PBXFileReference; lastKnownFileType = sourcecode.swift; path = LanguageSelectionView.swift; sourceTree = "<group>"; };
		FA7D68042E0411D70044A341 /* exts.color.swift */ = {isa = PBXFileReference; lastKnownFileType = sourcecode.swift; path = exts.color.swift; sourceTree = "<group>"; };
		FAB47D2C2E08EF0E0010D2F1 /* LanguageSelectionViewModel.swift */ = {isa = PBXFileReference; lastKnownFileType = sourcecode.swift; path = LanguageSelectionViewModel.swift; sourceTree = "<group>"; };
/* End PBXFileReference section */

/* Begin PBXFileSystemSynchronizedRootGroup section */
		FA3CE84E2E02B34E00D69023 /* PrisonTests */ = {
			isa = PBXFileSystemSynchronizedRootGroup;
			path = PrisonTests;
			sourceTree = "<group>";
		};
		FA3CE8582E02B34E00D69023 /* PrisonUITests */ = {
			isa = PBXFileSystemSynchronizedRootGroup;
			path = PrisonUITests;
			sourceTree = "<group>";
		};
/* End PBXFileSystemSynchronizedRootGroup section */

/* Begin PBXFrameworksBuildPhase section */
		FA3CE83B2E02B34D00D69023 /* Frameworks */ = {
			isa = PBXFrameworksBuildPhase;
			buildActionMask = 2147483647;
			files = (
				FA4D3FE52E02BF6F00C01396 /* Alamofire in Frameworks */,
				FA3CE88D2E02BCF600D69023 /* FirebaseAnalytics in Frameworks */,
				FA4D3FEB2E02BF8600C01396 /* Swinject in Frameworks */,
				FA4D3FFB2E02C21800C01396 /* Kingfisher in Frameworks */,
				FA3CE8802E02B75700D69023 /* SDWebImageSwiftUI in Frameworks */,
				FA077E4D2E02CEFF005534FB /* DotLottie in Frameworks */,
				FA3CE88F2E02BCF600D69023 /* FirebaseCrashlytics in Frameworks */,
				FA3CE8912E02BCF600D69023 /* FirebaseRemoteConfig in Frameworks */,
				FA4D3FEE2E02C12F00C01396 /* AdjustSdk in Frameworks */,
			);
			runOnlyForDeploymentPostprocessing = 0;
		};
		FA3CE8482E02B34E00D69023 /* Frameworks */ = {
			isa = PBXFrameworksBuildPhase;
			buildActionMask = 2147483647;
			files = (
			);
			runOnlyForDeploymentPostprocessing = 0;
		};
		FA3CE8522E02B34E00D69023 /* Frameworks */ = {
			isa = PBXFrameworksBuildPhase;
			buildActionMask = 2147483647;
			files = (
			);
			runOnlyForDeploymentPostprocessing = 0;
		};
/* End PBXFrameworksBuildPhase section */

/* Begin PBXGroup section */
		FA0367C92E0A4E290082D628 /* Models */ = {
			isa = PBXGroup;
			children = (
				FA0367CA2E0A4E330082D628 /* Character.swift */,
			);
			path = Models;
			sourceTree = "<group>";
		};
		FA3CE8352E02B34D00D69023 = {
			isa = PBXGroup;
			children = (
				FA3CE86F2E02B3A800D69023 /* Prison */,
				FA3CE84E2E02B34E00D69023 /* PrisonTests */,
				FA3CE8582E02B34E00D69023 /* PrisonUITests */,
				FA3CE83F2E02B34D00D69023 /* Products */,
			);
			sourceTree = "<group>";
		};
		FA3CE83F2E02B34D00D69023 /* Products */ = {
			isa = PBXGroup;
			children = (
				FA3CE83E2E02B34D00D69023 /* Prison.app */,
				FA3CE84B2E02B34E00D69023 /* PrisonTests.xctest */,
				FA3CE8552E02B34E00D69023 /* PrisonUITests.xctest */,
			);
			name = Products;
			sourceTree = "<group>";
		};
		FA3CE86F2E02B3A800D69023 /* Prison */ = {
			isa = PBXGroup;
			children = (
				FA7D67EE2E03F9930044A341 /* App */,
				FA4D3FEF2E02C16B00C01396 /* Core */,
				FA4D3FF32E02C18900C01396 /* Features */,
				FA3CE8782E02B3EB00D69023 /* Resources */,
				FA4D3FF82E02C1C300C01396 /* Utilities */,
			);
			path = Prison;
			sourceTree = "<group>";
		};
		FA3CE8782E02B3EB00D69023 /* Resources */ = {
			isa = PBXGroup;
			children = (
				FA0367B92E0A3FD20082D628 /* characters.json */,
				FA4D40062E02CBDC00C01396 /* loading.lottie */,
				FA3CE86C2E02B3A800D69023 /* Assets.xcassets */,
			);
			path = Resources;
			sourceTree = "<group>";
		};
		FA4D3FEF2E02C16B00C01396 /* Core */ = {
			isa = PBXGroup;
			children = (
				FA7D67F12E03F9ED0044A341 /* Extensions */,
				FA7D67EF2E03F9B40044A341 /* Helper */,
				FA4D3FF22E02C18200C01396 /* DI */,
				FA4D3FF12E02C17A00C01396 /* Services */,
				FA4D3FF02E02C17100C01396 /* Network */,
			);
			path = Core;
			sourceTree = "<group>";
		};
		FA4D3FF02E02C17100C01396 /* Network */ = {
			isa = PBXGroup;
			children = (
				FA0367D02E0A4E740082D628 /* NetworkError.swift */,
				FA0367CC2E0A4E510082D628 /* RemoteConfigManager.swift */,
			);
			path = Network;
			sourceTree = "<group>";
		};
		FA4D3FF12E02C17A00C01396 /* Services */ = {
			isa = PBXGroup;
			children = (
				FA0367CE2E0A4E590082D628 /* NetworkService.swift */,
			);
			path = Services;
			sourceTree = "<group>";
		};
		FA4D3FF22E02C18200C01396 /* DI */ = {
			isa = PBXGroup;
			children = (
			);
			path = DI;
			sourceTree = "<group>";
		};
		FA4D3FF32E02C18900C01396 /* Features */ = {
			isa = PBXGroup;
			children = (
				FA7D67F22E03FA0E0044A341 /* Onboarding */,
				FA4D3FF42E02C19400C01396 /* Home */,
			);
			path = Features;
			sourceTree = "<group>";
		};
		FA4D3FF42E02C19400C01396 /* Home */ = {
			isa = PBXGroup;
			children = (
				FA3CBEB52E095F000095BD5F /* HomeView.swift */,
				FA7D67F72E03FA5F0044A341 /* FakeMessager */,
				FA7D67F62E03FA560044A341 /* FakeVideo */,
			);
			path = Home;
			sourceTree = "<group>";
		};
		FA4D3FF82E02C1C300C01396 /* Utilities */ = {
			isa = PBXGroup;
			children = (
			);
			path = Utilities;
			sourceTree = "<group>";
		};
		FA7D67EE2E03F9930044A341 /* App */ = {
			isa = PBXGroup;
			children = (
				FA7D67FE2E03FF7B0044A341 /* RootView.swift */,
				FA7D67FC2E03FECF0044A341 /* AppState.swift */,
				FA4D400C2E02CC8900C01396 /* SplashView.swift */,
				FA3CE86E2E02B3A800D69023 /* PrisonApp.swift */,
			);
			path = App;
			sourceTree = "<group>";
		};
		FA7D67EF2E03F9B40044A341 /* Helper */ = {
			isa = PBXGroup;
			children = (
			);
			path = Helper;
			sourceTree = "<group>";
		};
		FA7D67F12E03F9ED0044A341 /* Extensions */ = {
			isa = PBXGroup;
			children = (
				FA7D68042E0411D70044A341 /* exts.color.swift */,
			);
			path = Extensions;
			sourceTree = "<group>";
		};
		FA7D67F22E03FA0E0044A341 /* Onboarding */ = {
			isa = PBXGroup;
			children = (
				FA7D68002E0400100044A341 /* OnboardingFlowView.swift */,
				FA7D67F52E03FA420044A341 /* CharacterSelection */,
				FA7D67F42E03FA380044A341 /* IntroScreens */,
				FA7D67F32E03FA2D0044A341 /* LanguageSelection */,
			);
			path = Onboarding;
			sourceTree = "<group>";
		};
		FA7D67F32E03FA2D0044A341 /* LanguageSelection */ = {
			isa = PBXGroup;
			children = (
				FAB47D2C2E08EF0E0010D2F1 /* LanguageSelectionViewModel.swift */,
				FA7D68022E0405FD0044A341 /* LanguageSelectionView.swift */,
			);
			path = LanguageSelection;
			sourceTree = "<group>";
		};
		FA7D67F42E03FA380044A341 /* IntroScreens */ = {
			isa = PBXGroup;
			children = (
				FA3CBEB32E09192C0095BD5F /* DotIndicatorView.swift */,
				FA3CBEB12E0917D00095BD5F /* IntroScreensViewModel.swift */,
				FA3CBE7E2E090DF30095BD5F /* AdPlaceholderView.swift */,
				FA3CBE7C2E0909A30095BD5F /* IntroScreensView.swift */,
			);
			path = IntroScreens;
			sourceTree = "<group>";
		};
		FA7D67F52E03FA420044A341 /* CharacterSelection */ = {
			isa = PBXGroup;
			children = (
			);
			path = CharacterSelection;
			sourceTree = "<group>";
		};
		FA7D67F62E03FA560044A341 /* FakeVideo */ = {
			isa = PBXGroup;
			children = (
				FA0367C92E0A4E290082D628 /* Models */,
				FA0367B72E0A3F4C0082D628 /* FakeViewListViewModel.swift */,
				FA0367B52E0A3ED00082D628 /* FakeViewListView.swift */,
				FA0367D22E0A542A0082D628 /* HorizontalCategoryList.swift */,
				FA0367D42E0A63850082D628 /* GridCategoryList.swift */,
			);
			path = FakeVideo;
			sourceTree = "<group>";
		};
		FA7D67F72E03FA5F0044A341 /* FakeMessager */ = {
			isa = PBXGroup;
			children = (
			);
			path = FakeMessager;
			sourceTree = "<group>";
		};
/* End PBXGroup section */

/* Begin PBXNativeTarget section */
		FA3CE83D2E02B34D00D69023 /* Prison */ = {
			isa = PBXNativeTarget;
			buildConfigurationList = FA3CE85F2E02B34E00D69023 /* Build configuration list for PBXNativeTarget "Prison" */;
			buildPhases = (
				FA3CE83A2E02B34D00D69023 /* Sources */,
				FA3CE83B2E02B34D00D69023 /* Frameworks */,
				FA3CE83C2E02B34D00D69023 /* Resources */,
			);
			buildRules = (
			);
			dependencies = (
			);
			name = Prison;
			packageProductDependencies = (
				FA3CE87F2E02B75700D69023 /* SDWebImageSwiftUI */,
				FA3CE88C2E02BCF600D69023 /* FirebaseAnalytics */,
				FA3CE88E2E02BCF600D69023 /* FirebaseCrashlytics */,
				FA3CE8902E02BCF600D69023 /* FirebaseRemoteConfig */,
				FA4D3FE42E02BF6F00C01396 /* Alamofire */,
				FA4D3FEA2E02BF8600C01396 /* Swinject */,
				FA4D3FED2E02C12F00C01396 /* AdjustSdk */,
				FA4D3FFA2E02C21800C01396 /* Kingfisher */,
				FA077E4C2E02CEFF005534FB /* DotLottie */,
			);
			productName = Prison;
			productReference = FA3CE83E2E02B34D00D69023 /* Prison.app */;
			productType = "com.apple.product-type.application";
		};
		FA3CE84A2E02B34E00D69023 /* PrisonTests */ = {
			isa = PBXNativeTarget;
			buildConfigurationList = FA3CE8622E02B34E00D69023 /* Build configuration list for PBXNativeTarget "PrisonTests" */;
			buildPhases = (
				FA3CE8472E02B34E00D69023 /* Sources */,
				FA3CE8482E02B34E00D69023 /* Frameworks */,
				FA3CE8492E02B34E00D69023 /* Resources */,
			);
			buildRules = (
			);
			dependencies = (
				FA3CE84D2E02B34E00D69023 /* PBXTargetDependency */,
			);
			fileSystemSynchronizedGroups = (
				FA3CE84E2E02B34E00D69023 /* PrisonTests */,
			);
			name = PrisonTests;
			packageProductDependencies = (
			);
			productName = PrisonTests;
			productReference = FA3CE84B2E02B34E00D69023 /* PrisonTests.xctest */;
			productType = "com.apple.product-type.bundle.unit-test";
		};
		FA3CE8542E02B34E00D69023 /* PrisonUITests */ = {
			isa = PBXNativeTarget;
			buildConfigurationList = FA3CE8652E02B34E00D69023 /* Build configuration list for PBXNativeTarget "PrisonUITests" */;
			buildPhases = (
				FA3CE8512E02B34E00D69023 /* Sources */,
				FA3CE8522E02B34E00D69023 /* Frameworks */,
				FA3CE8532E02B34E00D69023 /* Resources */,
			);
			buildRules = (
			);
			dependencies = (
				FA3CE8572E02B34E00D69023 /* PBXTargetDependency */,
			);
			fileSystemSynchronizedGroups = (
				FA3CE8582E02B34E00D69023 /* PrisonUITests */,
			);
			name = PrisonUITests;
			packageProductDependencies = (
			);
			productName = PrisonUITests;
			productReference = FA3CE8552E02B34E00D69023 /* PrisonUITests.xctest */;
			productType = "com.apple.product-type.bundle.ui-testing";
		};
/* End PBXNativeTarget section */

/* Begin PBXProject section */
		FA3CE8362E02B34D00D69023 /* Project object */ = {
			isa = PBXProject;
			attributes = {
				BuildIndependentTargetsInParallel = 1;
				LastSwiftUpdateCheck = 1640;
				LastUpgradeCheck = 1640;
				TargetAttributes = {
					FA3CE83D2E02B34D00D69023 = {
						CreatedOnToolsVersion = 16.4;
					};
					FA3CE84A2E02B34E00D69023 = {
						CreatedOnToolsVersion = 16.4;
						TestTargetID = FA3CE83D2E02B34D00D69023;
					};
					FA3CE8542E02B34E00D69023 = {
						CreatedOnToolsVersion = 16.4;
						TestTargetID = FA3CE83D2E02B34D00D69023;
					};
				};
			};
			buildConfigurationList = FA3CE8392E02B34D00D69023 /* Build configuration list for PBXProject "Prison" */;
			developmentRegion = en;
			hasScannedForEncodings = 0;
			knownRegions = (
				en,
				Base,
			);
			mainGroup = FA3CE8352E02B34D00D69023;
			minimizedProjectReferenceProxies = 1;
			packageReferences = (
				FA3CE87E2E02B75700D69023 /* XCRemoteSwiftPackageReference "SDWebImageSwiftUI" */,
				FA3CE88B2E02BCF600D69023 /* XCRemoteSwiftPackageReference "firebase-ios-sdk" */,
				FA4D3FE32E02BF6F00C01396 /* XCRemoteSwiftPackageReference "Alamofire" */,
				FA4D3FE92E02BF8600C01396 /* XCRemoteSwiftPackageReference "Swinject" */,
				FA4D3FEC2E02C12F00C01396 /* XCRemoteSwiftPackageReference "ios_sdk" */,
				FA4D3FF92E02C21800C01396 /* XCRemoteSwiftPackageReference "Kingfisher" */,
				FA077E4B2E02CEFF005534FB /* XCRemoteSwiftPackageReference "dotlottie-ios" */,
			);
			preferredProjectObjectVersion = 77;
			productRefGroup = FA3CE83F2E02B34D00D69023 /* Products */;
			projectDirPath = "";
			projectRoot = "";
			targets = (
				FA3CE83D2E02B34D00D69023 /* Prison */,
				FA3CE84A2E02B34E00D69023 /* PrisonTests */,
				FA3CE8542E02B34E00D69023 /* PrisonUITests */,
			);
		};
/* End PBXProject section */

/* Begin PBXResourcesBuildPhase section */
		FA3CE83C2E02B34D00D69023 /* Resources */ = {
			isa = PBXResourcesBuildPhase;
			buildActionMask = 2147483647;
			files = (
				FA0367BA2E0A3FD20082D628 /* characters.json in Resources */,
				FA3CE8702E02B3A800D69023 /* Assets.xcassets in Resources */,
				FA4D40072E02CBDC00C01396 /* loading.lottie in Resources */,
			);
			runOnlyForDeploymentPostprocessing = 0;
		};
		FA3CE8492E02B34E00D69023 /* Resources */ = {
			isa = PBXResourcesBuildPhase;
			buildActionMask = 2147483647;
			files = (
			);
			runOnlyForDeploymentPostprocessing = 0;
		};
		FA3CE8532E02B34E00D69023 /* Resources */ = {
			isa = PBXResourcesBuildPhase;
			buildActionMask = 2147483647;
			files = (
			);
			runOnlyForDeploymentPostprocessing = 0;
		};
/* End PBXResourcesBuildPhase section */

/* Begin PBXSourcesBuildPhase section */
		FA3CE83A2E02B34D00D69023 /* Sources */ = {
			isa = PBXSourcesBuildPhase;
			buildActionMask = 2147483647;
			files = (
				FA0367B62E0A3EEC0082D628 /* FakeViewListView.swift in Sources */,
				FA7D68012E04001A0044A341 /* OnboardingFlowView.swift in Sources */,
				FA7D67FF2E03FF7F0044A341 /* RootView.swift in Sources */,
				FA3CBEB62E095F040095BD5F /* HomeView.swift in Sources */,
				FA0367CF2E0A4E5A0082D628 /* NetworkService.swift in Sources */,
				FA7D67FD2E03FED60044A341 /* AppState.swift in Sources */,
				FA0367B82E0A3F500082D628 /* FakeViewListViewModel.swift in Sources */,
				FA0367CB2E0A4E340082D628 /* Character.swift in Sources */,
				FA4D40102E02CC8900C01396 /* SplashView.swift in Sources */,
				FA3CBE7F2E090DF50095BD5F /* AdPlaceholderView.swift in Sources */,
				FA0367CD2E0A4E520082D628 /* RemoteConfigManager.swift in Sources */,
				FA0367D52E0A63900082D628 /* GridCategoryList.swift in Sources */,
				FA3CBEB22E0917D40095BD5F /* IntroScreensViewModel.swift in Sources */,
				FA3CBE7D2E0909B70095BD5F /* IntroScreensView.swift in Sources */,
				FA7D68052E0411E10044A341 /* exts.color.swift in Sources */,
				FA3CBEB42E09192D0095BD5F /* DotIndicatorView.swift in Sources */,
				FA7D68032E0406050044A341 /* LanguageSelectionView.swift in Sources */,
				FAB47D2D2E08EF100010D2F1 /* LanguageSelectionViewModel.swift in Sources */,
				FA3CE8722E02B3A800D69023 /* PrisonApp.swift in Sources */,
				FA0367D12E0A4E760082D628 /* NetworkError.swift in Sources */,
				FA0367D32E0A542E0082D628 /* HorizontalCategoryList.swift in Sources */,
			);
			runOnlyForDeploymentPostprocessing = 0;
		};
		FA3CE8472E02B34E00D69023 /* Sources */ = {
			isa = PBXSourcesBuildPhase;
			buildActionMask = 2147483647;
			files = (
			);
			runOnlyForDeploymentPostprocessing = 0;
		};
		FA3CE8512E02B34E00D69023 /* Sources */ = {
			isa = PBXSourcesBuildPhase;
			buildActionMask = 2147483647;
			files = (
			);
			runOnlyForDeploymentPostprocessing = 0;
		};
/* End PBXSourcesBuildPhase section */

/* Begin PBXTargetDependency section */
		FA3CE84D2E02B34E00D69023 /* PBXTargetDependency */ = {
			isa = PBXTargetDependency;
			target = FA3CE83D2E02B34D00D69023 /* Prison */;
			targetProxy = FA3CE84C2E02B34E00D69023 /* PBXContainerItemProxy */;
		};
		FA3CE8572E02B34E00D69023 /* PBXTargetDependency */ = {
			isa = PBXTargetDependency;
			target = FA3CE83D2E02B34D00D69023 /* Prison */;
			targetProxy = FA3CE8562E02B34E00D69023 /* PBXContainerItemProxy */;
		};
/* End PBXTargetDependency section */

/* Begin XCBuildConfiguration section */
		FA3CE85D2E02B34E00D69023 /* Debug */ = {
			isa = XCBuildConfiguration;
			buildSettings = {
				ALWAYS_SEARCH_USER_PATHS = NO;
				ASSETCATALOG_COMPILER_GENERATE_SWIFT_ASSET_SYMBOL_EXTENSIONS = YES;
				CLANG_ANALYZER_NONNULL = YES;
				CLANG_ANALYZER_NUMBER_OBJECT_CONVERSION = YES_AGGRESSIVE;
				CLANG_CXX_LANGUAGE_STANDARD = "gnu++20";
				CLANG_ENABLE_MODULES = YES;
				CLANG_ENABLE_OBJC_ARC = YES;
				CLANG_ENABLE_OBJC_WEAK = YES;
				CLANG_WARN_BLOCK_CAPTURE_AUTORELEASING = YES;
				CLANG_WARN_BOOL_CONVERSION = YES;
				CLANG_WARN_COMMA = YES;
				CLANG_WARN_CONSTANT_CONVERSION = YES;
				CLANG_WARN_DEPRECATED_OBJC_IMPLEMENTATIONS = YES;
				CLANG_WARN_DIRECT_OBJC_ISA_USAGE = YES_ERROR;
				CLANG_WARN_DOCUMENTATION_COMMENTS = YES;
				CLANG_WARN_EMPTY_BODY = YES;
				CLANG_WARN_ENUM_CONVERSION = YES;
				CLANG_WARN_INFINITE_RECURSION = YES;
				CLANG_WARN_INT_CONVERSION = YES;
				CLANG_WARN_NON_LITERAL_NULL_CONVERSION = YES;
				CLANG_WARN_OBJC_IMPLICIT_RETAIN_SELF = YES;
				CLANG_WARN_OBJC_LITERAL_CONVERSION = YES;
				CLANG_WARN_OBJC_ROOT_CLASS = YES_ERROR;
				CLANG_WARN_QUOTED_INCLUDE_IN_FRAMEWORK_HEADER = YES;
				CLANG_WARN_RANGE_LOOP_ANALYSIS = YES;
				CLANG_WARN_STRICT_PROTOTYPES = YES;
				CLANG_WARN_SUSPICIOUS_MOVE = YES;
				CLANG_WARN_UNGUARDED_AVAILABILITY = YES_AGGRESSIVE;
				CLANG_WARN_UNREACHABLE_CODE = YES;
				CLANG_WARN__DUPLICATE_METHOD_MATCH = YES;
				COPY_PHASE_STRIP = NO;
				DEBUG_INFORMATION_FORMAT = dwarf;
				ENABLE_STRICT_OBJC_MSGSEND = YES;
				ENABLE_TESTABILITY = YES;
				ENABLE_USER_SCRIPT_SANDBOXING = YES;
				GCC_C_LANGUAGE_STANDARD = gnu17;
				GCC_DYNAMIC_NO_PIC = NO;
				GCC_NO_COMMON_BLOCKS = YES;
				GCC_OPTIMIZATION_LEVEL = 0;
				GCC_PREPROCESSOR_DEFINITIONS = (
					"DEBUG=1",
					"$(inherited)",
				);
				GCC_WARN_64_TO_32_BIT_CONVERSION = YES;
				GCC_WARN_ABOUT_RETURN_TYPE = YES_ERROR;
				GCC_WARN_UNDECLARED_SELECTOR = YES;
				GCC_WARN_UNINITIALIZED_AUTOS = YES_AGGRESSIVE;
				GCC_WARN_UNUSED_FUNCTION = YES;
				GCC_WARN_UNUSED_VARIABLE = YES;
				IPHONEOS_DEPLOYMENT_TARGET = 18.5;
				LOCALIZATION_PREFERS_STRING_CATALOGS = YES;
				MTL_ENABLE_DEBUG_INFO = INCLUDE_SOURCE;
				MTL_FAST_MATH = YES;
				ONLY_ACTIVE_ARCH = YES;
				SDKROOT = iphoneos;
				SWIFT_ACTIVE_COMPILATION_CONDITIONS = "DEBUG $(inherited)";
				SWIFT_OPTIMIZATION_LEVEL = "-Onone";
			};
			name = Debug;
		};
		FA3CE85E2E02B34E00D69023 /* Release */ = {
			isa = XCBuildConfiguration;
			buildSettings = {
				ALWAYS_SEARCH_USER_PATHS = NO;
				ASSETCATALOG_COMPILER_GENERATE_SWIFT_ASSET_SYMBOL_EXTENSIONS = YES;
				CLANG_ANALYZER_NONNULL = YES;
				CLANG_ANALYZER_NUMBER_OBJECT_CONVERSION = YES_AGGRESSIVE;
				CLANG_CXX_LANGUAGE_STANDARD = "gnu++20";
				CLANG_ENABLE_MODULES = YES;
				CLANG_ENABLE_OBJC_ARC = YES;
				CLANG_ENABLE_OBJC_WEAK = YES;
				CLANG_WARN_BLOCK_CAPTURE_AUTORELEASING = YES;
				CLANG_WARN_BOOL_CONVERSION = YES;
				CLANG_WARN_COMMA = YES;
				CLANG_WARN_CONSTANT_CONVERSION = YES;
				CLANG_WARN_DEPRECATED_OBJC_IMPLEMENTATIONS = YES;
				CLANG_WARN_DIRECT_OBJC_ISA_USAGE = YES_ERROR;
				CLANG_WARN_DOCUMENTATION_COMMENTS = YES;
				CLANG_WARN_EMPTY_BODY = YES;
				CLANG_WARN_ENUM_CONVERSION = YES;
				CLANG_WARN_INFINITE_RECURSION = YES;
				CLANG_WARN_INT_CONVERSION = YES;
				CLANG_WARN_NON_LITERAL_NULL_CONVERSION = YES;
				CLANG_WARN_OBJC_IMPLICIT_RETAIN_SELF = YES;
				CLANG_WARN_OBJC_LITERAL_CONVERSION = YES;
				CLANG_WARN_OBJC_ROOT_CLASS = YES_ERROR;
				CLANG_WARN_QUOTED_INCLUDE_IN_FRAMEWORK_HEADER = YES;
				CLANG_WARN_RANGE_LOOP_ANALYSIS = YES;
				CLANG_WARN_STRICT_PROTOTYPES = YES;
				CLANG_WARN_SUSPICIOUS_MOVE = YES;
				CLANG_WARN_UNGUARDED_AVAILABILITY = YES_AGGRESSIVE;
				CLANG_WARN_UNREACHABLE_CODE = YES;
				CLANG_WARN__DUPLICATE_METHOD_MATCH = YES;
				COPY_PHASE_STRIP = NO;
				DEBUG_INFORMATION_FORMAT = "dwarf-with-dsym";
				ENABLE_NS_ASSERTIONS = NO;
				ENABLE_STRICT_OBJC_MSGSEND = YES;
				ENABLE_USER_SCRIPT_SANDBOXING = YES;
				GCC_C_LANGUAGE_STANDARD = gnu17;
				GCC_NO_COMMON_BLOCKS = YES;
				GCC_WARN_64_TO_32_BIT_CONVERSION = YES;
				GCC_WARN_ABOUT_RETURN_TYPE = YES_ERROR;
				GCC_WARN_UNDECLARED_SELECTOR = YES;
				GCC_WARN_UNINITIALIZED_AUTOS = YES_AGGRESSIVE;
				GCC_WARN_UNUSED_FUNCTION = YES;
				GCC_WARN_UNUSED_VARIABLE = YES;
				IPHONEOS_DEPLOYMENT_TARGET = 18.5;
				LOCALIZATION_PREFERS_STRING_CATALOGS = YES;
				MTL_ENABLE_DEBUG_INFO = NO;
				MTL_FAST_MATH = YES;
				SDKROOT = iphoneos;
				SWIFT_COMPILATION_MODE = wholemodule;
				VALIDATE_PRODUCT = YES;
			};
			name = Release;
		};
		FA3CE8602E02B34E00D69023 /* Debug */ = {
			isa = XCBuildConfiguration;
			buildSettings = {
				ASSETCATALOG_COMPILER_APPICON_NAME = AppIcon;
				ASSETCATALOG_COMPILER_GLOBAL_ACCENT_COLOR_NAME = AccentColor;
				CODE_SIGN_STYLE = Automatic;
				CURRENT_PROJECT_VERSION = 1;
				DEVELOPMENT_TEAM = MW52L683R8;
				ENABLE_PREVIEWS = YES;
				GENERATE_INFOPLIST_FILE = YES;
				INFOPLIST_KEY_UIApplicationSceneManifest_Generation = YES;
				INFOPLIST_KEY_UIApplicationSupportsIndirectInputEvents = YES;
				INFOPLIST_KEY_UILaunchScreen_Generation = YES;
				INFOPLIST_KEY_UISupportedInterfaceOrientations_iPad = "UIInterfaceOrientationPortrait UIInterfaceOrientationPortraitUpsideDown UIInterfaceOrientationLandscapeLeft UIInterfaceOrientationLandscapeRight";
				INFOPLIST_KEY_UISupportedInterfaceOrientations_iPhone = "UIInterfaceOrientationPortrait UIInterfaceOrientationLandscapeLeft UIInterfaceOrientationLandscapeRight";
				IPHONEOS_DEPLOYMENT_TARGET = 17.6;
				LD_RUNPATH_SEARCH_PATHS = (
					"$(inherited)",
					"@executable_path/Frameworks",
				);
				MARKETING_VERSION = 1.0;
				PRODUCT_BUNDLE_IDENTIFIER = umax.Prison;
				PRODUCT_NAME = "$(TARGET_NAME)";
				SWIFT_EMIT_LOC_STRINGS = YES;
				SWIFT_VERSION = 5.0;
				TARGETED_DEVICE_FAMILY = "1,2";
			};
			name = Debug;
		};
		FA3CE8612E02B34E00D69023 /* Release */ = {
			isa = XCBuildConfiguration;
			buildSettings = {
				ASSETCATALOG_COMPILER_APPICON_NAME = AppIcon;
				ASSETCATALOG_COMPILER_GLOBAL_ACCENT_COLOR_NAME = AccentColor;
				CODE_SIGN_STYLE = Automatic;
				CURRENT_PROJECT_VERSION = 1;
				DEVELOPMENT_TEAM = MW52L683R8;
				ENABLE_PREVIEWS = YES;
				GENERATE_INFOPLIST_FILE = YES;
				INFOPLIST_KEY_UIApplicationSceneManifest_Generation = YES;
				INFOPLIST_KEY_UIApplicationSupportsIndirectInputEvents = YES;
				INFOPLIST_KEY_UILaunchScreen_Generation = YES;
				INFOPLIST_KEY_UISupportedInterfaceOrientations_iPad = "UIInterfaceOrientationPortrait UIInterfaceOrientationPortraitUpsideDown UIInterfaceOrientationLandscapeLeft UIInterfaceOrientationLandscapeRight";
				INFOPLIST_KEY_UISupportedInterfaceOrientations_iPhone = "UIInterfaceOrientationPortrait UIInterfaceOrientationLandscapeLeft UIInterfaceOrientationLandscapeRight";
				IPHONEOS_DEPLOYMENT_TARGET = 17.6;
				LD_RUNPATH_SEARCH_PATHS = (
					"$(inherited)",
					"@executable_path/Frameworks",
				);
				MARKETING_VERSION = 1.0;
				PRODUCT_BUNDLE_IDENTIFIER = umax.Prison;
				PRODUCT_NAME = "$(TARGET_NAME)";
				SWIFT_EMIT_LOC_STRINGS = YES;
				SWIFT_VERSION = 5.0;
				TARGETED_DEVICE_FAMILY = "1,2";
			};
			name = Release;
		};
		FA3CE8632E02B34E00D69023 /* Debug */ = {
			isa = XCBuildConfiguration;
			buildSettings = {
				BUNDLE_LOADER = "$(TEST_HOST)";
				CODE_SIGN_STYLE = Automatic;
				CURRENT_PROJECT_VERSION = 1;
				DEVELOPMENT_TEAM = MW52L683R8;
				GENERATE_INFOPLIST_FILE = YES;
				IPHONEOS_DEPLOYMENT_TARGET = 18.5;
				MARKETING_VERSION = 1.0;
				PRODUCT_BUNDLE_IDENTIFIER = umax.PrisonTests;
				PRODUCT_NAME = "$(TARGET_NAME)";
				SWIFT_EMIT_LOC_STRINGS = NO;
				SWIFT_VERSION = 5.0;
				TARGETED_DEVICE_FAMILY = "1,2";
				TEST_HOST = "$(BUILT_PRODUCTS_DIR)/Prison.app/$(BUNDLE_EXECUTABLE_FOLDER_PATH)/Prison";
			};
			name = Debug;
		};
		FA3CE8642E02B34E00D69023 /* Release */ = {
			isa = XCBuildConfiguration;
			buildSettings = {
				BUNDLE_LOADER = "$(TEST_HOST)";
				CODE_SIGN_STYLE = Automatic;
				CURRENT_PROJECT_VERSION = 1;
				DEVELOPMENT_TEAM = MW52L683R8;
				GENERATE_INFOPLIST_FILE = YES;
				IPHONEOS_DEPLOYMENT_TARGET = 18.5;
				MARKETING_VERSION = 1.0;
				PRODUCT_BUNDLE_IDENTIFIER = umax.PrisonTests;
				PRODUCT_NAME = "$(TARGET_NAME)";
				SWIFT_EMIT_LOC_STRINGS = NO;
				SWIFT_VERSION = 5.0;
				TARGETED_DEVICE_FAMILY = "1,2";
				TEST_HOST = "$(BUILT_PRODUCTS_DIR)/Prison.app/$(BUNDLE_EXECUTABLE_FOLDER_PATH)/Prison";
			};
			name = Release;
		};
		FA3CE8662E02B34E00D69023 /* Debug */ = {
			isa = XCBuildConfiguration;
			buildSettings = {
				CODE_SIGN_STYLE = Automatic;
				CURRENT_PROJECT_VERSION = 1;
				GENERATE_INFOPLIST_FILE = YES;
				MARKETING_VERSION = 1.0;
				PRODUCT_BUNDLE_IDENTIFIER = umax.PrisonUITests;
				PRODUCT_NAME = "$(TARGET_NAME)";
				SWIFT_EMIT_LOC_STRINGS = NO;
				SWIFT_VERSION = 5.0;
				TARGETED_DEVICE_FAMILY = "1,2";
				TEST_TARGET_NAME = Prison;
			};
			name = Debug;
		};
		FA3CE8672E02B34E00D69023 /* Release */ = {
			isa = XCBuildConfiguration;
			buildSettings = {
				CODE_SIGN_STYLE = Automatic;
				CURRENT_PROJECT_VERSION = 1;
				GENERATE_INFOPLIST_FILE = YES;
				MARKETING_VERSION = 1.0;
				PRODUCT_BUNDLE_IDENTIFIER = umax.PrisonUITests;
				PRODUCT_NAME = "$(TARGET_NAME)";
				SWIFT_EMIT_LOC_STRINGS = NO;
				SWIFT_VERSION = 5.0;
				TARGETED_DEVICE_FAMILY = "1,2";
				TEST_TARGET_NAME = Prison;
			};
			name = Release;
		};
/* End XCBuildConfiguration section */

/* Begin XCConfigurationList section */
		FA3CE8392E02B34D00D69023 /* Build configuration list for PBXProject "Prison" */ = {
			isa = XCConfigurationList;
			buildConfigurations = (
				FA3CE85D2E02B34E00D69023 /* Debug */,
				FA3CE85E2E02B34E00D69023 /* Release */,
			);
			defaultConfigurationIsVisible = 0;
			defaultConfigurationName = Release;
		};
		FA3CE85F2E02B34E00D69023 /* Build configuration list for PBXNativeTarget "Prison" */ = {
			isa = XCConfigurationList;
			buildConfigurations = (
				FA3CE8602E02B34E00D69023 /* Debug */,
				FA3CE8612E02B34E00D69023 /* Release */,
			);
			defaultConfigurationIsVisible = 0;
			defaultConfigurationName = Release;
		};
		FA3CE8622E02B34E00D69023 /* Build configuration list for PBXNativeTarget "PrisonTests" */ = {
			isa = XCConfigurationList;
			buildConfigurations = (
				FA3CE8632E02B34E00D69023 /* Debug */,
				FA3CE8642E02B34E00D69023 /* Release */,
			);
			defaultConfigurationIsVisible = 0;
			defaultConfigurationName = Release;
		};
		FA3CE8652E02B34E00D69023 /* Build configuration list for PBXNativeTarget "PrisonUITests" */ = {
			isa = XCConfigurationList;
			buildConfigurations = (
				FA3CE8662E02B34E00D69023 /* Debug */,
				FA3CE8672E02B34E00D69023 /* Release */,
			);
			defaultConfigurationIsVisible = 0;
			defaultConfigurationName = Release;
		};
/* End XCConfigurationList section */

/* Begin XCRemoteSwiftPackageReference section */
		FA077E4B2E02CEFF005534FB /* XCRemoteSwiftPackageReference "dotlottie-ios" */ = {
			isa = XCRemoteSwiftPackageReference;
			repositoryURL = "https://github.com/LottieFiles/dotlottie-ios";
			requirement = {
				branch = main;
				kind = branch;
			};
		};
		FA3CE87E2E02B75700D69023 /* XCRemoteSwiftPackageReference "SDWebImageSwiftUI" */ = {
			isa = XCRemoteSwiftPackageReference;
			repositoryURL = "https://github.com/SDWebImage/SDWebImageSwiftUI";
			requirement = {
				kind = upToNextMajorVersion;
				minimumVersion = 3.1.3;
			};
		};
		FA3CE88B2E02BCF600D69023 /* XCRemoteSwiftPackageReference "firebase-ios-sdk" */ = {
			isa = XCRemoteSwiftPackageReference;
			repositoryURL = "https://github.com/firebase/firebase-ios-sdk";
			requirement = {
				kind = upToNextMajorVersion;
				minimumVersion = 11.14.0;
			};
		};
		FA4D3FE32E02BF6F00C01396 /* XCRemoteSwiftPackageReference "Alamofire" */ = {
			isa = XCRemoteSwiftPackageReference;
			repositoryURL = "https://github.com/Alamofire/Alamofire";
			requirement = {
				kind = upToNextMajorVersion;
				minimumVersion = 5.10.2;
			};
		};
		FA4D3FE92E02BF8600C01396 /* XCRemoteSwiftPackageReference "Swinject" */ = {
			isa = XCRemoteSwiftPackageReference;
			repositoryURL = "https://github.com/Swinject/Swinject";
			requirement = {
				kind = upToNextMajorVersion;
				minimumVersion = 2.9.1;
			};
		};
		FA4D3FEC2E02C12F00C01396 /* XCRemoteSwiftPackageReference "ios_sdk" */ = {
			isa = XCRemoteSwiftPackageReference;
			repositoryURL = "https://github.com/adjust/ios_sdk";
			requirement = {
				branch = master;
				kind = branch;
			};
		};
		FA4D3FF92E02C21800C01396 /* XCRemoteSwiftPackageReference "Kingfisher" */ = {
			isa = XCRemoteSwiftPackageReference;
			repositoryURL = "https://github.com/onevcat/Kingfisher";
			requirement = {
				kind = upToNextMajorVersion;
				minimumVersion = 8.3.2;
			};
		};
/* End XCRemoteSwiftPackageReference section */

/* Begin XCSwiftPackageProductDependency section */
		FA077E4C2E02CEFF005534FB /* DotLottie */ = {
			isa = XCSwiftPackageProductDependency;
			package = FA077E4B2E02CEFF005534FB /* XCRemoteSwiftPackageReference "dotlottie-ios" */;
			productName = DotLottie;
		};
		FA3CE87F2E02B75700D69023 /* SDWebImageSwiftUI */ = {
			isa = XCSwiftPackageProductDependency;
			package = FA3CE87E2E02B75700D69023 /* XCRemoteSwiftPackageReference "SDWebImageSwiftUI" */;
			productName = SDWebImageSwiftUI;
		};
		FA3CE88C2E02BCF600D69023 /* FirebaseAnalytics */ = {
			isa = XCSwiftPackageProductDependency;
			package = FA3CE88B2E02BCF600D69023 /* XCRemoteSwiftPackageReference "firebase-ios-sdk" */;
			productName = FirebaseAnalytics;
		};
		FA3CE88E2E02BCF600D69023 /* FirebaseCrashlytics */ = {
			isa = XCSwiftPackageProductDependency;
			package = FA3CE88B2E02BCF600D69023 /* XCRemoteSwiftPackageReference "firebase-ios-sdk" */;
			productName = FirebaseCrashlytics;
		};
		FA3CE8902E02BCF600D69023 /* FirebaseRemoteConfig */ = {
			isa = XCSwiftPackageProductDependency;
			package = FA3CE88B2E02BCF600D69023 /* XCRemoteSwiftPackageReference "firebase-ios-sdk" */;
			productName = FirebaseRemoteConfig;
		};
		FA4D3FE42E02BF6F00C01396 /* Alamofire */ = {
			isa = XCSwiftPackageProductDependency;
			package = FA4D3FE32E02BF6F00C01396 /* XCRemoteSwiftPackageReference "Alamofire" */;
			productName = Alamofire;
		};
		FA4D3FEA2E02BF8600C01396 /* Swinject */ = {
			isa = XCSwiftPackageProductDependency;
			package = FA4D3FE92E02BF8600C01396 /* XCRemoteSwiftPackageReference "Swinject" */;
			productName = Swinject;
		};
		FA4D3FED2E02C12F00C01396 /* AdjustSdk */ = {
			isa = XCSwiftPackageProductDependency;
			package = FA4D3FEC2E02C12F00C01396 /* XCRemoteSwiftPackageReference "ios_sdk" */;
			productName = AdjustSdk;
		};
		FA4D3FFA2E02C21800C01396 /* Kingfisher */ = {
			isa = XCSwiftPackageProductDependency;
			package = FA4D3FF92E02C21800C01396 /* XCRemoteSwiftPackageReference "Kingfisher" */;
			productName = Kingfisher;
		};
/* End XCSwiftPackageProductDependency section */
	};
	rootObject = FA3CE8362E02B34D00D69023 /* Project object */;
}
